github.com/davecgh/go-spew v1.1.0 h1:ZDRjVQ15GmhC3fiQ8ni8+OwkZQO4DARzQgrnXU1Liz8=
github.com/davecgh/go-spew v1.1.0/go.mod h1:J7Y8YcW2NihsgmVo/mv3lAwl/skON4iLHjSsI+c5H38=
github.com/davecgh/go-spew v1.1.1 h1:vj9j/u1bqnvCEfJOwUhtlOARqs3+rkHYY13jYWTU97c=
github.com/davecgh/go-spew v1.1.1/go.mod h1:J7Y8YcW2NihsgmVo/mv3lAwl/skON4iLHjSsI+c5H38=
github.com/hashicorp/go-version v1.2.0/go.mod h1:fltr4n8CU8Ke44wwGCBoEymUuxUHl09ZGVZPK5anwXA=
github.com/nori-io/nori-common v1.1.1-0.20191210111700-f9f0cb17a0dc h1:8uxetldOcntshaEgH8eMVN8tjCa2vfaTePqvxXgD+Ac=
github.com/nori-io/nori-common v1.1.1-0.20191210111700-f9f0cb17a0dc/go.mod h1:HgfkHG1EDKKQBjYhGfJiEN/O5h09e8gWdTja0IBhnzc=
github.com/nori-io/nori-common v1.1.1-0.20191211192338-9f8a160feea6 h1:FkQ3ZiWEy+RH5n2TP/5N7CkQ4vj1jc76v8qk1M4gtIg=
github.com/nori-io/nori-common v1.1.1-0.20191211192338-9f8a160feea6/go.mod h1:HgfkHG1EDKKQBjYhGfJiEN/O5h09e8gWdTja0IBhnzc=
github.com/pmezard/go-difflib v1.0.0 h1:4DBwDE0NGyQoBHbLQYPwSUPoCMWR5BEzIk/f1lZbAQM=
github.com/pmezard/go-difflib v1.0.0/go.mod h1:iKH77koFhYxTK1pcRnkKkqfTogsbg7gZNVY4sRDYZ/4=
github.com/stretchr/objx v0.1.0/go.mod h1:HFkY916IF+rwdDfMAkV7OtwuqBVzrE8GR6GFx+wExME=
github.com/stretchr/testify v1.3.0 h1:TivCn/peBQ7UY8ooIcPgZFpTNSz0Q2U6UrFlUfqbe0Q=
github.com/stretchr/testify v1.3.0/go.mod h1:M5WIy9Dh21IEIfnGCwXGc5bZfKNJtfHm1UVUgZn+9EI=
